
Microsoft Visual Studio Solution File, Format Version 12.00
# Visual Studio 15
VisualStudioVersion = 15.0.26430.6
MinimumVisualStudioVersion = 10.0.40219.1
Project("{FAE04EC0-301F-11D3-BF4B-00C04F79EFBC}") = "StringFormat", "StringFormat\StringFormat.csproj", "{FF517E29-378E-4CDA-A06B-4C8421F35F2D}"
EndProject
Global
	GlobalSection(SolutionConfigurationPlatforms) = preSolution
		Debug|Any CPU = Debug|Any CPU
		Release|Any CPU = Release|Any CPU
	EndGlobalSection
	GlobalSection(ProjectConfigurationPlatforms) = postSolution
		{FF517E29-378E-4CDA-A06B-4C8421F35F2D}.Debug|Any CPU.ActiveCfg = Debug|Any CPU
		{FF517E29-378E-4CDA-A06B-4C8421F35F2D}.Debug|Any CPU.Build.0 = Debug|Any CPU
		{FF517E29-378E-4CDA-A06B-4C8421F35F2D}.Release|Any CPU.ActiveCfg = Release|Any CPU
		{FF517E29-378E-4CDA-A06B-4C8421F35F2D}.Release|Any CPU.Build.0 = Release|Any CPU
	EndGlobalSection
	GlobalSection(SolutionProperties) = preSolution
		HideSolutionNode = FALSE
	EndGlobalSection
EndGlobal
